// !$*UTF8*$!
{
	archiveVersion = 1;
	classes = {
	};
	objectVersion = 50;
	objects = {

/* Begin PBXBuildFile section */
		EF24EBFA25430A350000B7B7 /* IFSearchBar.swift in Sources */ = {isa = PBXBuildFile; fileRef = EF24EBF925430A350000B7B7 /* IFSearchBar.swift */; };
		EF6B2F462548814A001532C2 /* RemoteImage.swift in Sources */ = {isa = PBXBuildFile; fileRef = EF6B2F452548814A001532C2 /* RemoteImage.swift */; };
		EF7F68B02541F29A00423D4B /* FollowerDetailViewController.swift in Sources */ = {isa = PBXBuildFile; fileRef = EF7F68AF2541F29A00423D4B /* FollowerDetailViewController.swift */; };
		EF8997052541A90700CAEB55 /* FollowersViewController.swift in Sources */ = {isa = PBXBuildFile; fileRef = EF8997042541A90700CAEB55 /* FollowersViewController.swift */; };
		EF8997072541A98C00CAEB55 /* Followers.swift in Sources */ = {isa = PBXBuildFile; fileRef = EF8997062541A98C00CAEB55 /* Followers.swift */; };
		EF8997092541B01800CAEB55 /* FollowersView.swift in Sources */ = {isa = PBXBuildFile; fileRef = EF8997082541B01800CAEB55 /* FollowersView.swift */; };
		EF89970B2541BB8B00CAEB55 /* FollowerCell.swift in Sources */ = {isa = PBXBuildFile; fileRef = EF89970A2541BB8B00CAEB55 /* FollowerCell.swift */; };
		EF9671E825403C2D00382AC7 /* AppDelegate.swift in Sources */ = {isa = PBXBuildFile; fileRef = EF9671E725403C2D00382AC7 /* AppDelegate.swift */; };
		EF9671EA25403C2D00382AC7 /* SceneDelegate.swift in Sources */ = {isa = PBXBuildFile; fileRef = EF9671E925403C2D00382AC7 /* SceneDelegate.swift */; };
		EF9671F225403C2D00382AC7 /* InstagramFollowers.xcdatamodeld in Sources */ = {isa = PBXBuildFile; fileRef = EF9671F025403C2D00382AC7 /* InstagramFollowers.xcdatamodeld */; };
		EF9671F425403C2E00382AC7 /* Assets.xcassets in Resources */ = {isa = PBXBuildFile; fileRef = EF9671F325403C2E00382AC7 /* Assets.xcassets */; };
		EF9671F725403C2E00382AC7 /* LaunchScreen.storyboard in Resources */ = {isa = PBXBuildFile; fileRef = EF9671F525403C2E00382AC7 /* LaunchScreen.storyboard */; };
		EF967203254043D100382AC7 /* SearchVC.swift in Sources */ = {isa = PBXBuildFile; fileRef = EF967202254043D100382AC7 /* SearchVC.swift */; };
		EF967205254043E500382AC7 /* FavoriteVC.swift in Sources */ = {isa = PBXBuildFile; fileRef = EF967204254043E500382AC7 /* FavoriteVC.swift */; };
		EF96720725404B7D00382AC7 /* IFButton.swift in Sources */ = {isa = PBXBuildFile; fileRef = EF96720625404B7D00382AC7 /* IFButton.swift */; };
		EF967209254075FE00382AC7 /* SearchView.swift in Sources */ = {isa = PBXBuildFile; fileRef = EF967208254075FE00382AC7 /* SearchView.swift */; };
		EF96720B25407BFC00382AC7 /* IFTextField.swift in Sources */ = {isa = PBXBuildFile; fileRef = EF96720A25407BFC00382AC7 /* IFTextField.swift */; };
		EF96721025407D8500382AC7 /* UIView+Extensions.swift in Sources */ = {isa = PBXBuildFile; fileRef = EF96720F25407D8500382AC7 /* UIView+Extensions.swift */; };
		EF96721225407FC600382AC7 /* IFColors.swift in Sources */ = {isa = PBXBuildFile; fileRef = EF96721125407FC600382AC7 /* IFColors.swift */; };
		EF9672152540D1BA00382AC7 /* NetworkManager.swift in Sources */ = {isa = PBXBuildFile; fileRef = EF9672142540D1BA00382AC7 /* NetworkManager.swift */; };
		EF9672172540EEF400382AC7 /* FollowersViewModel.swift in Sources */ = {isa = PBXBuildFile; fileRef = EF9672162540EEF400382AC7 /* FollowersViewModel.swift */; };
		EFA52661254352D5009FDB5B /* User.swift in Sources */ = {isa = PBXBuildFile; fileRef = EFA52660254352D5009FDB5B /* User.swift */; };
/* End PBXBuildFile section */

/* Begin PBXFileReference section */
		EF24EBF925430A350000B7B7 /* IFSearchBar.swift */ = {isa = PBXFileReference; lastKnownFileType = sourcecode.swift; path = IFSearchBar.swift; sourceTree = "<group>"; };
		EF6B2F452548814A001532C2 /* RemoteImage.swift */ = {isa = PBXFileReference; lastKnownFileType = sourcecode.swift; path = RemoteImage.swift; sourceTree = "<group>"; };
		EF7F68AF2541F29A00423D4B /* FollowerDetailViewController.swift */ = {isa = PBXFileReference; lastKnownFileType = sourcecode.swift; path = FollowerDetailViewController.swift; sourceTree = "<group>"; };
		EF8997042541A90700CAEB55 /* FollowersViewController.swift */ = {isa = PBXFileReference; lastKnownFileType = sourcecode.swift; path = FollowersViewController.swift; sourceTree = "<group>"; };
		EF8997062541A98C00CAEB55 /* Followers.swift */ = {isa = PBXFileReference; lastKnownFileType = sourcecode.swift; path = Followers.swift; sourceTree = "<group>"; };
		EF8997082541B01800CAEB55 /* FollowersView.swift */ = {isa = PBXFileReference; lastKnownFileType = sourcecode.swift; path = FollowersView.swift; sourceTree = "<group>"; };
		EF89970A2541BB8B00CAEB55 /* FollowerCell.swift */ = {isa = PBXFileReference; lastKnownFileType = sourcecode.swift; path = FollowerCell.swift; sourceTree = "<group>"; };
		EF9671E425403C2D00382AC7 /* InstagramFollowers.app */ = {isa = PBXFileReference; explicitFileType = wrapper.application; includeInIndex = 0; path = InstagramFollowers.app; sourceTree = BUILT_PRODUCTS_DIR; };
		EF9671E725403C2D00382AC7 /* AppDelegate.swift */ = {isa = PBXFileReference; lastKnownFileType = sourcecode.swift; path = AppDelegate.swift; sourceTree = "<group>"; };
		EF9671E925403C2D00382AC7 /* SceneDelegate.swift */ = {isa = PBXFileReference; lastKnownFileType = sourcecode.swift; path = SceneDelegate.swift; sourceTree = "<group>"; };
		EF9671F125403C2D00382AC7 /* InstagramFollowers.xcdatamodel */ = {isa = PBXFileReference; lastKnownFileType = wrapper.xcdatamodel; path = InstagramFollowers.xcdatamodel; sourceTree = "<group>"; };
		EF9671F325403C2E00382AC7 /* Assets.xcassets */ = {isa = PBXFileReference; lastKnownFileType = folder.assetcatalog; path = Assets.xcassets; sourceTree = "<group>"; };
		EF9671F625403C2E00382AC7 /* Base */ = {isa = PBXFileReference; lastKnownFileType = file.storyboard; name = Base; path = Base.lproj/LaunchScreen.storyboard; sourceTree = "<group>"; };
		EF9671F825403C2E00382AC7 /* Info.plist */ = {isa = PBXFileReference; lastKnownFileType = text.plist.xml; path = Info.plist; sourceTree = "<group>"; };
		EF967202254043D100382AC7 /* SearchVC.swift */ = {isa = PBXFileReference; lastKnownFileType = sourcecode.swift; path = SearchVC.swift; sourceTree = "<group>"; };
		EF967204254043E500382AC7 /* FavoriteVC.swift */ = {isa = PBXFileReference; lastKnownFileType = sourcecode.swift; path = FavoriteVC.swift; sourceTree = "<group>"; };
		EF96720625404B7D00382AC7 /* IFButton.swift */ = {isa = PBXFileReference; lastKnownFileType = sourcecode.swift; path = IFButton.swift; sourceTree = "<group>"; };
		EF967208254075FE00382AC7 /* SearchView.swift */ = {isa = PBXFileReference; lastKnownFileType = sourcecode.swift; path = SearchView.swift; sourceTree = "<group>"; };
		EF96720A25407BFC00382AC7 /* IFTextField.swift */ = {isa = PBXFileReference; lastKnownFileType = sourcecode.swift; path = IFTextField.swift; sourceTree = "<group>"; };
		EF96720F25407D8500382AC7 /* UIView+Extensions.swift */ = {isa = PBXFileReference; lastKnownFileType = sourcecode.swift; path = "UIView+Extensions.swift"; sourceTree = "<group>"; };
		EF96721125407FC600382AC7 /* IFColors.swift */ = {isa = PBXFileReference; lastKnownFileType = sourcecode.swift; path = IFColors.swift; sourceTree = "<group>"; };
		EF9672142540D1BA00382AC7 /* NetworkManager.swift */ = {isa = PBXFileReference; lastKnownFileType = sourcecode.swift; path = NetworkManager.swift; sourceTree = "<group>"; };
		EF9672162540EEF400382AC7 /* FollowersViewModel.swift */ = {isa = PBXFileReference; lastKnownFileType = sourcecode.swift; path = FollowersViewModel.swift; sourceTree = "<group>"; };
		EFA52660254352D5009FDB5B /* User.swift */ = {isa = PBXFileReference; lastKnownFileType = sourcecode.swift; path = User.swift; sourceTree = "<group>"; };
/* End PBXFileReference section */

/* Begin PBXFrameworksBuildPhase section */
		EF9671E125403C2D00382AC7 /* Frameworks */ = {
			isa = PBXFrameworksBuildPhase;
			buildActionMask = 2147483647;
			files = (
			);
			runOnlyForDeploymentPostprocessing = 0;
		};
/* End PBXFrameworksBuildPhase section */

/* Begin PBXGroup section */
		EF6B2F442548812F001532C2 /* SwiftUI */ = {
			isa = PBXGroup;
			children = (
				EF6B2F452548814A001532C2 /* RemoteImage.swift */,
			);
			path = SwiftUI;
			sourceTree = "<group>";
		};
		EF89970C2541D0AC00CAEB55 /* Screens */ = {
			isa = PBXGroup;
			children = (
				EF967208254075FE00382AC7 /* SearchView.swift */,
				EF8997082541B01800CAEB55 /* FollowersView.swift */,
			);
			path = Screens;
			sourceTree = "<group>";
		};
		EF9671DB25403C2D00382AC7 = {
			isa = PBXGroup;
			children = (
				EF9671E625403C2D00382AC7 /* InstagramFollowers */,
				EF9671E525403C2D00382AC7 /* Products */,
			);
			sourceTree = "<group>";
		};
		EF9671E525403C2D00382AC7 /* Products */ = {
			isa = PBXGroup;
			children = (
				EF9671E425403C2D00382AC7 /* InstagramFollowers.app */,
			);
			name = Products;
			sourceTree = "<group>";
		};
		EF9671E625403C2D00382AC7 /* InstagramFollowers */ = {
			isa = PBXGroup;
			children = (
				EF9671E725403C2D00382AC7 /* AppDelegate.swift */,
				EF9671E925403C2D00382AC7 /* SceneDelegate.swift */,
				EF9671FF2540431400382AC7 /* Model */,
				EF9672012540435F00382AC7 /* Controller */,
				EF9672002540431B00382AC7 /* View */,
				EF9671FE2540430200382AC7 /* ViewModel */,
				EF96720E25407D7000382AC7 /* Helpers */,
				EF9672132540D19A00382AC7 /* Networking */,
				EF9671F325403C2E00382AC7 /* Assets.xcassets */,
				EF9671F525403C2E00382AC7 /* LaunchScreen.storyboard */,
				EF9671F825403C2E00382AC7 /* Info.plist */,
				EF9671F025403C2D00382AC7 /* InstagramFollowers.xcdatamodeld */,
			);
			path = InstagramFollowers;
			sourceTree = "<group>";
		};
		EF9671FE2540430200382AC7 /* ViewModel */ = {
			isa = PBXGroup;
			children = (
				EF9672162540EEF400382AC7 /* FollowersViewModel.swift */,
			);
			path = ViewModel;
			sourceTree = "<group>";
		};
		EF9671FF2540431400382AC7 /* Model */ = {
			isa = PBXGroup;
			children = (
				EF8997062541A98C00CAEB55 /* Followers.swift */,
				EFA52660254352D5009FDB5B /* User.swift */,
			);
			path = Model;
			sourceTree = "<group>";
		};
		EF9672002540431B00382AC7 /* View */ = {
			isa = PBXGroup;
			children = (
				EF6B2F442548812F001532C2 /* SwiftUI */,
				EF89970C2541D0AC00CAEB55 /* Screens */,
				EF96720625404B7D00382AC7 /* IFButton.swift */,
				EF96720A25407BFC00382AC7 /* IFTextField.swift */,
				EF89970A2541BB8B00CAEB55 /* FollowerCell.swift */,
			);
			path = View;
			sourceTree = "<group>";
		};
		EF9672012540435F00382AC7 /* Controller */ = {
			isa = PBXGroup;
			children = (
				EF24EBF925430A350000B7B7 /* IFSearchBar.swift */,
				EF967202254043D100382AC7 /* SearchVC.swift */,
				EF967204254043E500382AC7 /* FavoriteVC.swift */,
				EF8997042541A90700CAEB55 /* FollowersViewController.swift */,
				EF7F68AF2541F29A00423D4B /* FollowerDetailViewController.swift */,
			);
			path = Controller;
			sourceTree = "<group>";
		};
		EF96720E25407D7000382AC7 /* Helpers */ = {
			isa = PBXGroup;
			children = (
				EF96720F25407D8500382AC7 /* UIView+Extensions.swift */,
				EF96721125407FC600382AC7 /* IFColors.swift */,
			);
			path = Helpers;
			sourceTree = "<group>";
		};
		EF9672132540D19A00382AC7 /* Networking */ = {
			isa = PBXGroup;
			children = (
				EF9672142540D1BA00382AC7 /* NetworkManager.swift */,
			);
			path = Networking;
			sourceTree = "<group>";
		};
/* End PBXGroup section */

/* Begin PBXNativeTarget section */
		EF9671E325403C2D00382AC7 /* InstagramFollowers */ = {
			isa = PBXNativeTarget;
			buildConfigurationList = EF9671FB25403C2E00382AC7 /* Build configuration list for PBXNativeTarget "InstagramFollowers" */;
			buildPhases = (
				EF9671E025403C2D00382AC7 /* Sources */,
				EF9671E125403C2D00382AC7 /* Frameworks */,
				EF9671E225403C2D00382AC7 /* Resources */,
			);
			buildRules = (
			);
			dependencies = (
			);
			name = InstagramFollowers;
			productName = InstagramFollowers;
			productReference = EF9671E425403C2D00382AC7 /* InstagramFollowers.app */;
			productType = "com.apple.product-type.application";
		};
/* End PBXNativeTarget section */

/* Begin PBXProject section */
		EF9671DC25403C2D00382AC7 /* Project object */ = {
			isa = PBXProject;
			attributes = {
				LastSwiftUpdateCheck = 1150;
				LastUpgradeCheck = 1150;
				ORGANIZATIONNAME = noOne;
				TargetAttributes = {
					EF9671E325403C2D00382AC7 = {
						CreatedOnToolsVersion = 11.5;
					};
				};
			};
			buildConfigurationList = EF9671DF25403C2D00382AC7 /* Build configuration list for PBXProject "InstagramFollowers" */;
			compatibilityVersion = "Xcode 9.3";
			developmentRegion = en;
			hasScannedForEncodings = 0;
			knownRegions = (
				en,
				Base,
			);
			mainGroup = EF9671DB25403C2D00382AC7;
			productRefGroup = EF9671E525403C2D00382AC7 /* Products */;
			projectDirPath = "";
			projectRoot = "";
			targets = (
				EF9671E325403C2D00382AC7 /* InstagramFollowers */,
			);
		};
/* End PBXProject section */

/* Begin PBXResourcesBuildPhase section */
		EF9671E225403C2D00382AC7 /* Resources */ = {
			isa = PBXResourcesBuildPhase;
			buildActionMask = 2147483647;
			files = (
				EF9671F725403C2E00382AC7 /* LaunchScreen.storyboard in Resources */,
				EF9671F425403C2E00382AC7 /* Assets.xcassets in Resources */,
			);
			runOnlyForDeploymentPostprocessing = 0;
		};
/* End PBXResourcesBuildPhase section */

/* Begin PBXSourcesBuildPhase section */
		EF9671E025403C2D00382AC7 /* Sources */ = {
			isa = PBXSourcesBuildPhase;
			buildActionMask = 2147483647;
			files = (
				EF9672172540EEF400382AC7 /* FollowersViewModel.swift in Sources */,
				EF8997072541A98C00CAEB55 /* Followers.swift in Sources */,
				EF967203254043D100382AC7 /* SearchVC.swift in Sources */,
				EF6B2F462548814A001532C2 /* RemoteImage.swift in Sources */,
				EF96721025407D8500382AC7 /* UIView+Extensions.swift in Sources */,
				EF8997092541B01800CAEB55 /* FollowersView.swift in Sources */,
				EF9671E825403C2D00382AC7 /* AppDelegate.swift in Sources */,
				EF9671F225403C2D00382AC7 /* InstagramFollowers.xcdatamodeld in Sources */,
				EF89970B2541BB8B00CAEB55 /* FollowerCell.swift in Sources */,
				EF9672152540D1BA00382AC7 /* NetworkManager.swift in Sources */,
				EF96721225407FC600382AC7 /* IFColors.swift in Sources */,
				EF967209254075FE00382AC7 /* SearchView.swift in Sources */,
				EF7F68B02541F29A00423D4B /* FollowerDetailViewController.swift in Sources */,
				EF96720B25407BFC00382AC7 /* IFTextField.swift in Sources */,
				EF967205254043E500382AC7 /* FavoriteVC.swift in Sources */,
				EF24EBFA25430A350000B7B7 /* IFSearchBar.swift in Sources */,
				EF8997052541A90700CAEB55 /* FollowersViewController.swift in Sources */,
				EF96720725404B7D00382AC7 /* IFButton.swift in Sources */,
				EF9671EA25403C2D00382AC7 /* SceneDelegate.swift in Sources */,
				EFA52661254352D5009FDB5B /* User.swift in Sources */,
			);
			runOnlyForDeploymentPostprocessing = 0;
		};
/* End PBXSourcesBuildPhase section */

/* Begin PBXVariantGroup section */
		EF9671F525403C2E00382AC7 /* LaunchScreen.storyboard */ = {
			isa = PBXVariantGroup;
			children = (
				EF9671F625403C2E00382AC7 /* Base */,
			);
			name = LaunchScreen.storyboard;
			sourceTree = "<group>";
		};
/* End PBXVariantGroup section */

/* Begin XCBuildConfiguration section */
		EF9671F925403C2E00382AC7 /* Debug */ = {
			isa = XCBuildConfiguration;
			buildSettings = {
				ALWAYS_SEARCH_USER_PATHS = NO;
				CLANG_ANALYZER_NONNULL = YES;
				CLANG_ANALYZER_NUMBER_OBJECT_CONVERSION = YES_AGGRESSIVE;
				CLANG_CXX_LANGUAGE_STANDARD = "gnu++14";
				CLANG_CXX_LIBRARY = "libc++";
				CLANG_ENABLE_MODULES = YES;
				CLANG_ENABLE_OBJC_ARC = YES;
				CLANG_ENABLE_OBJC_WEAK = YES;
				CLANG_WARN_BLOCK_CAPTURE_AUTORELEASING = YES;
				CLANG_WARN_BOOL_CONVERSION = YES;
				CLANG_WARN_COMMA = YES;
				CLANG_WARN_CONSTANT_CONVERSION = YES;
				CLANG_WARN_DEPRECATED_OBJC_IMPLEMENTATIONS = YES;
				CLANG_WARN_DIRECT_OBJC_ISA_USAGE = YES_ERROR;
				CLANG_WARN_DOCUMENTATION_COMMENTS = YES;
				CLANG_WARN_EMPTY_BODY = YES;
				CLANG_WARN_ENUM_CONVERSION = YES;
				CLANG_WARN_INFINITE_RECURSION = YES;
				CLANG_WARN_INT_CONVERSION = YES;
				CLANG_WARN_NON_LITERAL_NULL_CONVERSION = YES;
				CLANG_WARN_OBJC_IMPLICIT_RETAIN_SELF = YES;
				CLANG_WARN_OBJC_LITERAL_CONVERSION = YES;
				CLANG_WARN_OBJC_ROOT_CLASS = YES_ERROR;
				CLANG_WARN_RANGE_LOOP_ANALYSIS = YES;
				CLANG_WARN_STRICT_PROTOTYPES = YES;
				CLANG_WARN_SUSPICIOUS_MOVE = YES;
				CLANG_WARN_UNGUARDED_AVAILABILITY = YES_AGGRESSIVE;
				CLANG_WARN_UNREACHABLE_CODE = YES;
				CLANG_WARN__DUPLICATE_METHOD_MATCH = YES;
				COPY_PHASE_STRIP = NO;
				DEBUG_INFORMATION_FORMAT = dwarf;
				ENABLE_STRICT_OBJC_MSGSEND = YES;
				ENABLE_TESTABILITY = YES;
				GCC_C_LANGUAGE_STANDARD = gnu11;
				GCC_DYNAMIC_NO_PIC = NO;
				GCC_NO_COMMON_BLOCKS = YES;
				GCC_OPTIMIZATION_LEVEL = 0;
				GCC_PREPROCESSOR_DEFINITIONS = (
					"DEBUG=1",
					"$(inherited)",
				);
				GCC_WARN_64_TO_32_BIT_CONVERSION = YES;
				GCC_WARN_ABOUT_RETURN_TYPE = YES_ERROR;
				GCC_WARN_UNDECLARED_SELECTOR = YES;
				GCC_WARN_UNINITIALIZED_AUTOS = YES_AGGRESSIVE;
				GCC_WARN_UNUSED_FUNCTION = YES;
				GCC_WARN_UNUSED_VARIABLE = YES;
				IPHONEOS_DEPLOYMENT_TARGET = 13.5;
				MTL_ENABLE_DEBUG_INFO = INCLUDE_SOURCE;
				MTL_FAST_MATH = YES;
				ONLY_ACTIVE_ARCH = YES;
				SDKROOT = iphoneos;
				SWIFT_ACTIVE_COMPILATION_CONDITIONS = DEBUG;
				SWIFT_OPTIMIZATION_LEVEL = "-Onone";
			};
			name = Debug;
		};
		EF9671FA25403C2E00382AC7 /* Release */ = {
			isa = XCBuildConfiguration;
			buildSettings = {
				ALWAYS_SEARCH_USER_PATHS = NO;
				CLANG_ANALYZER_NONNULL = YES;
				CLANG_ANALYZER_NUMBER_OBJECT_CONVERSION = YES_AGGRESSIVE;
				CLANG_CXX_LANGUAGE_STANDARD = "gnu++14";
				CLANG_CXX_LIBRARY = "libc++";
				CLANG_ENABLE_MODULES = YES;
				CLANG_ENABLE_OBJC_ARC = YES;
				CLANG_ENABLE_OBJC_WEAK = YES;
				CLANG_WARN_BLOCK_CAPTURE_AUTORELEASING = YES;
				CLANG_WARN_BOOL_CONVERSION = YES;
				CLANG_WARN_COMMA = YES;
				CLANG_WARN_CONSTANT_CONVERSION = YES;
				CLANG_WARN_DEPRECATED_OBJC_IMPLEMENTATIONS = YES;
				CLANG_WARN_DIRECT_OBJC_ISA_USAGE = YES_ERROR;
				CLANG_WARN_DOCUMENTATION_COMMENTS = YES;
				CLANG_WARN_EMPTY_BODY = YES;
				CLANG_WARN_ENUM_CONVERSION = YES;
				CLANG_WARN_INFINITE_RECURSION = YES;
				CLANG_WARN_INT_CONVERSION = YES;
				CLANG_WARN_NON_LITERAL_NULL_CONVERSION = YES;
				CLANG_WARN_OBJC_IMPLICIT_RETAIN_SELF = YES;
				CLANG_WARN_OBJC_LITERAL_CONVERSION = YES;
				CLANG_WARN_OBJC_ROOT_CLASS = YES_ERROR;
				CLANG_WARN_RANGE_LOOP_ANALYSIS = YES;
				CLANG_WARN_STRICT_PROTOTYPES = YES;
				CLANG_WARN_SUSPICIOUS_MOVE = YES;
				CLANG_WARN_UNGUARDED_AVAILABILITY = YES_AGGRESSIVE;
				CLANG_WARN_UNREACHABLE_CODE = YES;
				CLANG_WARN__DUPLICATE_METHOD_MATCH = YES;
				COPY_PHASE_STRIP = NO;
				DEBUG_INFORMATION_FORMAT = "dwarf-with-dsym";
				ENABLE_NS_ASSERTIONS = NO;
				ENABLE_STRICT_OBJC_MSGSEND = YES;
				GCC_C_LANGUAGE_STANDARD = gnu11;
				GCC_NO_COMMON_BLOCKS = YES;
				GCC_WARN_64_TO_32_BIT_CONVERSION = YES;
				GCC_WARN_ABOUT_RETURN_TYPE = YES_ERROR;
				GCC_WARN_UNDECLARED_SELECTOR = YES;
				GCC_WARN_UNINITIALIZED_AUTOS = YES_AGGRESSIVE;
				GCC_WARN_UNUSED_FUNCTION = YES;
				GCC_WARN_UNUSED_VARIABLE = YES;
				IPHONEOS_DEPLOYMENT_TARGET = 13.5;
				MTL_ENABLE_DEBUG_INFO = NO;
				MTL_FAST_MATH = YES;
				SDKROOT = iphoneos;
				SWIFT_COMPILATION_MODE = wholemodule;
				SWIFT_OPTIMIZATION_LEVEL = "-O";
				VALIDATE_PRODUCT = YES;
			};
			name = Release;
		};
		EF9671FC25403C2E00382AC7 /* Debug */ = {
			isa = XCBuildConfiguration;
			buildSettings = {
				ASSETCATALOG_COMPILER_APPICON_NAME = AppIcon;
				CODE_SIGN_STYLE = Automatic;
				DEVELOPMENT_TEAM = CTHB4GLW5N;
				INFOPLIST_FILE = InstagramFollowers/Info.plist;
				IPHONEOS_DEPLOYMENT_TARGET = 13.0;
				LD_RUNPATH_SEARCH_PATHS = (
					"$(inherited)",
					"@executable_path/Frameworks",
				);
				PRODUCT_BUNDLE_IDENTIFIER = none.InstagramFollowers;
				PRODUCT_NAME = "$(TARGET_NAME)";
				SWIFT_VERSION = 5.0;
				TARGETED_DEVICE_FAMILY = "1,2";
			};
			name = Debug;
		};
		EF9671FD25403C2E00382AC7 /* Release */ = {
			isa = XCBuildConfiguration;
			buildSettings = {
				ASSETCATALOG_COMPILER_APPICON_NAME = AppIcon;
				CODE_SIGN_STYLE = Automatic;
				DEVELOPMENT_TEAM = CTHB4GLW5N;
				INFOPLIST_FILE = InstagramFollowers/Info.plist;
				IPHONEOS_DEPLOYMENT_TARGET = 13.0;
				LD_RUNPATH_SEARCH_PATHS = (
					"$(inherited)",
					"@executable_path/Frameworks",
				);
				PRODUCT_BUNDLE_IDENTIFIER = none.InstagramFollowers;
				PRODUCT_NAME = "$(TARGET_NAME)";
				SWIFT_VERSION = 5.0;
				TARGETED_DEVICE_FAMILY = "1,2";
			};
			name = Release;
		};
/* End XCBuildConfiguration section */

/* Begin XCConfigurationList section */
		EF9671DF25403C2D00382AC7 /* Build configuration list for PBXProject "InstagramFollowers" */ = {
			isa = XCConfigurationList;
			buildConfigurations = (
				EF9671F925403C2E00382AC7 /* Debug */,
				EF9671FA25403C2E00382AC7 /* Release */,
			);
			defaultConfigurationIsVisible = 0;
			defaultConfigurationName = Release;
		};
		EF9671FB25403C2E00382AC7 /* Build configuration list for PBXNativeTarget "InstagramFollowers" */ = {
			isa = XCConfigurationList;
			buildConfigurations = (
				EF9671FC25403C2E00382AC7 /* Debug */,
				EF9671FD25403C2E00382AC7 /* Release */,
			);
			defaultConfigurationIsVisible = 0;
			defaultConfigurationName = Release;
		};
/* End XCConfigurationList section */

/* Begin XCVersionGroup section */
		EF9671F025403C2D00382AC7 /* InstagramFollowers.xcdatamodeld */ = {
			isa = XCVersionGroup;
			children = (
				EF9671F125403C2D00382AC7 /* InstagramFollowers.xcdatamodel */,
			);
			currentVersion = EF9671F125403C2D00382AC7 /* InstagramFollowers.xcdatamodel */;
			path = InstagramFollowers.xcdatamodeld;
			sourceTree = "<group>";
			versionGroupType = wrapper.xcdatamodel;
		};
/* End XCVersionGroup section */
	};
	rootObject = EF9671DC25403C2D00382AC7 /* Project object */;
}
